
Microsoft Visual Studio Solution File, Format Version 12.00
# Visual Studio Version 17
VisualStudioVersion = 17.8.34525.116
MinimumVisualStudioVersion = 10.0.40219.1
Project("{FAE04EC0-301F-11D3-BF4B-00C04F79EFBC}") = "InventoryManagementSystem", "InventoryManagementSystem\InventoryManagementSystem.csproj", "{4870856F-C9E9-402F-AB05-94ED088CA02B}"
EndProject
Global
	GlobalSection(SolutionConfigurationPlatforms) = preSolution
		Debug|Any CPU = Debug|Any CPU
		Release|Any CPU = Release|Any CPU
	EndGlobalSection
	GlobalSection(ProjectConfigurationPlatforms) = postSolution
		{4870856F-C9E9-402F-AB05-94ED088CA02B}.Debug|Any CPU.ActiveCfg = Debug|Any CPU
		{4870856F-C9E9-402F-AB05-94ED088CA02B}.Debug|Any CPU.Build.0 = Debug|Any CPU
		{4870856F-C9E9-402F-AB05-94ED088CA02B}.Release|Any CPU.ActiveCfg = Release|Any CPU
		{4870856F-C9E9-402F-AB05-94ED088CA02B}.Release|Any CPU.Build.0 = Release|Any CPU
	EndGlobalSection
	GlobalSection(SolutionProperties) = preSolution
		HideSolutionNode = FALSE
	EndGlobalSection
	GlobalSection(ExtensibilityGlobals) = postSolution
		SolutionGuid = {CFB65539-BFB5-49DE-B06F-9BECD90238C3}
	EndGlobalSection
EndGlobal
